schema: '2.0'
stages:
  get_data:
    cmd: python src/get_data.py
    deps:
    - path: params.yaml
      hash: md5
      md5: b5bc1d8008bae6feb397dc3d40906af2
      size: 113
    - path: src/get_data.py
      hash: md5
      md5: 693faf92834a7cfa07f8d80606fdbcfc
      size: 615
    outs:
    - path: data/raw/tips.csv
      hash: md5
      md5: 21a1749bc760e771c7a011b17e17d17b
      size: 8188
