schema: '2.0'
stages:
  get_data:
    cmd: python src/get_data.py
    deps:
    - path: params.yaml
      hash: md5
      md5: b5bc1d8008bae6feb397dc3d40906af2
      size: 113
    - path: src/get_data.py
      hash: md5
      md5: 693faf92834a7cfa07f8d80606fdbcfc
      size: 615
    outs:
    - path: data/raw/tips.csv
      hash: md5
      md5: 21a1749bc760e771c7a011b17e17d17b
      size: 8188
  validate_data:
    cmd: python src/validate_data.py
    deps:
    - path: data/raw/tips.csv
      hash: md5
      md5: 21a1749bc760e771c7a011b17e17d17b
      size: 8188
    - path: src/validate_data.py
      hash: md5
      md5: c3b0587a00e0b9756a64b1b6842ac475
      size: 4682
    outs:
    - path: reports/validation
      hash: md5
      md5: e2243fdc484a92a0f8586765692b24bc.dir
      size: 2330
      nfiles: 1
  preprocess:
    cmd: python src/preprocess.py
    deps:
    - path: data/raw/tips.csv
      hash: md5
      md5: 21a1749bc760e771c7a011b17e17d17b
      size: 8188
    - path: src/preprocess.py
      hash: md5
      md5: 7ff79e3af415cf782c105993a0ccf99f
      size: 407
    outs:
    - path: data/processed/dataset.csv
      hash: md5
      md5: bc8e6e714dbb45514d81ab3155f03ab9
      size: 3610
  train:
    cmd: python src/train.py
    deps:
    - path: data/processed/dataset.csv
      hash: md5
      md5: bc8e6e714dbb45514d81ab3155f03ab9
      size: 3610
    - path: params.yaml
      hash: md5
      md5: b5bc1d8008bae6feb397dc3d40906af2
      size: 113
    - path: src/train.py
      hash: md5
      md5: 183c03e244086058307186eb232aaf3e
      size: 844
    outs:
    - path: models/model.pkl
      hash: md5
      md5: db28375b6af37fa22cee0e5ee1713f4d
      size: 824
  evaluate:
    cmd: python src/evaluate.py
    deps:
    - path: data/processed/dataset.csv
      hash: md5
      md5: bc8e6e714dbb45514d81ab3155f03ab9
      size: 3610
    - path: models/model.pkl
      hash: md5
      md5: db28375b6af37fa22cee0e5ee1713f4d
      size: 824
    - path: params.yaml
      hash: md5
      md5: b5bc1d8008bae6feb397dc3d40906af2
      size: 113
    - path: src/evaluate.py
      hash: md5
      md5: 502a5588322703d3ceaa9115fb596e59
      size: 820
