schema: '2.0'
stages:
  get_data:
    cmd: python src/get_data.py
    deps:
    - path: params.yaml
      hash: md5
      md5: 34bca580ebf4dff8d7acac318595db28
      size: 126
    - path: src/get_data.py
      hash: md5
      md5: 484cf63bdaf6f1165977443a982c7db1
      size: 587
    outs:
    - path: data/raw/tips.csv
      hash: md5
      md5: 21a1749bc760e771c7a011b17e17d17b
      size: 8188
  validate_data:
    cmd: python src/validate_data.py
    deps:
    - path: data/raw/tips.csv
      hash: md5
      md5: 21a1749bc760e771c7a011b17e17d17b
      size: 8188
    - path: src/validate_data.py
      hash: md5
      md5: 0f35d39e64abb80f9ef7fc00088095be
      size: 4562
    outs:
    - path: reports/validation
      hash: md5
      md5: 6a03966673c8a91ed9ffb7e497788872.dir
      size: 2330
      nfiles: 1
  preprocess:
    cmd: python src/preprocess.py
    deps:
    - path: data/raw/tips.csv
      hash: md5
      md5: 21a1749bc760e771c7a011b17e17d17b
      size: 8188
    - path: src/preprocess.py
      hash: md5
      md5: af3fcf13cdaed340612b7b5ecff91267
      size: 391
    outs:
    - path: data/processed/dataset.csv
      hash: md5
      md5: bc8e6e714dbb45514d81ab3155f03ab9
      size: 3610
  train:
    cmd: python src/train.py
    deps:
    - path: data/processed/dataset.csv
      hash: md5
      md5: bc8e6e714dbb45514d81ab3155f03ab9
      size: 3610
    - path: params.yaml
      hash: md5
      md5: 34bca580ebf4dff8d7acac318595db28
      size: 126
    - path: src/train.py
      hash: md5
      md5: adde7e403e6adaae84f92c8d489b0fcd
      size: 810
    outs:
    - path: models/model.pkl
      hash: md5
      md5: a24758edfc3ea4d90da625bbdb891e63
      size: 824
  evaluate:
    cmd: python src/evaluate.py
    deps:
    - path: data/processed/dataset.csv
      hash: md5
      md5: bc8e6e714dbb45514d81ab3155f03ab9
      size: 3610
    - path: models/model.pkl
      hash: md5
      md5: a24758edfc3ea4d90da625bbdb891e63
      size: 824
    - path: params.yaml
      hash: md5
      md5: 34bca580ebf4dff8d7acac318595db28
      size: 126
    - path: src/evaluate.py
      hash: md5
      md5: 40bbb86e65cb383f4da8f3d1bd42a39e
      size: 1500
    outs:
    - path: metrics/metrics.json
      hash: md5
      md5: dd8a16fa4d97cf18145d5e5163df769e
      size: 54
  validate_model:
    cmd: python src/validate_model.py
    deps:
    - path: models/model.pkl
      hash: md5
      md5: a24758edfc3ea4d90da625bbdb891e63
      size: 824
    - path: params.yaml
      hash: md5
      md5: 34bca580ebf4dff8d7acac318595db28
      size: 126
    - path: src/validate_model.py
      hash: md5
      md5: 02582f0780a222a66d56b6c9e7934fb8
      size: 3321
